
Microsoft Visual Studio Solution File, Format Version 12.00
# Visual Studio 14
VisualStudioVersion = 14.0.25123.0
MinimumVisualStudioVersion = 10.0.40219.1
Project("{FAE04EC0-301F-11D3-BF4B-00C04F79EFBC}") = "PageCounter", "PageCounter\PageCounter.csproj", "{3BF56B07-E97D-4DB7-B4E1-1054D666B417}"
EndProject
Project("{FAE04EC0-301F-11D3-BF4B-00C04F79EFBC}") = "PageCounterTests", "PageCounterTests\PageCounterTests.csproj", "{31C7845B-E33D-47E5-BC3B-B1C9BBCE93BC}"
EndProject
Global
	GlobalSection(SolutionConfigurationPlatforms) = preSolution
		Debug|Any CPU = Debug|Any CPU
		Release|Any CPU = Release|Any CPU
	EndGlobalSection
	GlobalSection(ProjectConfigurationPlatforms) = postSolution
		{3BF56B07-E97D-4DB7-B4E1-1054D666B417}.Debug|Any CPU.ActiveCfg = Debug|Any CPU
		{3BF56B07-E97D-4DB7-B4E1-1054D666B417}.Debug|Any CPU.Build.0 = Debug|Any CPU
		{3BF56B07-E97D-4DB7-B4E1-1054D666B417}.Release|Any CPU.ActiveCfg = Release|Any CPU
		{3BF56B07-E97D-4DB7-B4E1-1054D666B417}.Release|Any CPU.Build.0 = Release|Any CPU
		{31C7845B-E33D-47E5-BC3B-B1C9BBCE93BC}.Debug|Any CPU.ActiveCfg = Debug|Any CPU
		{31C7845B-E33D-47E5-BC3B-B1C9BBCE93BC}.Debug|Any CPU.Build.0 = Debug|Any CPU
		{31C7845B-E33D-47E5-BC3B-B1C9BBCE93BC}.Release|Any CPU.ActiveCfg = Release|Any CPU
		{31C7845B-E33D-47E5-BC3B-B1C9BBCE93BC}.Release|Any CPU.Build.0 = Release|Any CPU
	EndGlobalSection
	GlobalSection(SolutionProperties) = preSolution
		HideSolutionNode = FALSE
	EndGlobalSection
EndGlobal
